// !$*UTF8*$!
{
	archiveVersion = 1;
	classes = {
	};
	objectVersion = 56;
	objects = {

/* Begin PBXBuildFile section */
		7F2AA1132C082563006286FD /* GPT_AnalyzeApp.swift in Sources */ = {isa = PBXBuildFile; fileRef = 7F2AA1122C082563006286FD /* GPT_AnalyzeApp.swift */; };
		7F2AA1152C082563006286FD /* ContentView.swift in Sources */ = {isa = PBXBuildFile; fileRef = 7F2AA1142C082563006286FD /* ContentView.swift */; };
		7F2AA1172C082563006286FD /* Item.swift in Sources */ = {isa = PBXBuildFile; fileRef = 7F2AA1162C082563006286FD /* Item.swift */; };
		7F2AA1192C082564006286FD /* Assets.xcassets in Resources */ = {isa = PBXBuildFile; fileRef = 7F2AA1182C082564006286FD /* Assets.xcassets */; };
		7F2AA11C2C082564006286FD /* Preview Assets.xcassets in Resources */ = {isa = PBXBuildFile; fileRef = 7F2AA11B2C082564006286FD /* Preview Assets.xcassets */; };
		7F2AA1272C082564006286FD /* GPT_AnalyzeTests.swift in Sources */ = {isa = PBXBuildFile; fileRef = 7F2AA1262C082564006286FD /* GPT_AnalyzeTests.swift */; };
		7F2AA1312C082564006286FD /* GPT_AnalyzeUITests.swift in Sources */ = {isa = PBXBuildFile; fileRef = 7F2AA1302C082564006286FD /* GPT_AnalyzeUITests.swift */; };
		7F2AA1332C082564006286FD /* GPT_AnalyzeUITestsLaunchTests.swift in Sources */ = {isa = PBXBuildFile; fileRef = 7F2AA1322C082564006286FD /* GPT_AnalyzeUITestsLaunchTests.swift */; };
/* End PBXBuildFile section */

/* Begin PBXContainerItemProxy section */
		7F2AA1232C082564006286FD /* PBXContainerItemProxy */ = {
			isa = PBXContainerItemProxy;
			containerPortal = 7F2AA1072C082563006286FD /* Project object */;
			proxyType = 1;
			remoteGlobalIDString = 7F2AA10E2C082563006286FD;
			remoteInfo = GPT_Analyze;
		};
		7F2AA12D2C082564006286FD /* PBXContainerItemProxy */ = {
			isa = PBXContainerItemProxy;
			containerPortal = 7F2AA1072C082563006286FD /* Project object */;
			proxyType = 1;
			remoteGlobalIDString = 7F2AA10E2C082563006286FD;
			remoteInfo = GPT_Analyze;
		};
/* End PBXContainerItemProxy section */

/* Begin PBXFileReference section */
		7F2AA10F2C082563006286FD /* GPT_Analyze.app */ = {isa = PBXFileReference; explicitFileType = wrapper.application; includeInIndex = 0; path = GPT_Analyze.app; sourceTree = BUILT_PRODUCTS_DIR; };
		7F2AA1122C082563006286FD /* GPT_AnalyzeApp.swift */ = {isa = PBXFileReference; lastKnownFileType = sourcecode.swift; path = GPT_AnalyzeApp.swift; sourceTree = "<group>"; };
		7F2AA1142C082563006286FD /* ContentView.swift */ = {isa = PBXFileReference; lastKnownFileType = sourcecode.swift; path = ContentView.swift; sourceTree = "<group>"; };
		7F2AA1162C082563006286FD /* Item.swift */ = {isa = PBXFileReference; lastKnownFileType = sourcecode.swift; path = Item.swift; sourceTree = "<group>"; };
		7F2AA1182C082564006286FD /* Assets.xcassets */ = {isa = PBXFileReference; lastKnownFileType = folder.assetcatalog; path = Assets.xcassets; sourceTree = "<group>"; };
		7F2AA11B2C082564006286FD /* Preview Assets.xcassets */ = {isa = PBXFileReference; lastKnownFileType = folder.assetcatalog; path = "Preview Assets.xcassets"; sourceTree = "<group>"; };
		7F2AA11D2C082564006286FD /* GPT_Analyze.entitlements */ = {isa = PBXFileReference; lastKnownFileType = text.plist.entitlements; path = GPT_Analyze.entitlements; sourceTree = "<group>"; };
		7F2AA1222C082564006286FD /* GPT_AnalyzeTests.xctest */ = {isa = PBXFileReference; explicitFileType = wrapper.cfbundle; includeInIndex = 0; path = GPT_AnalyzeTests.xctest; sourceTree = BUILT_PRODUCTS_DIR; };
		7F2AA1262C082564006286FD /* GPT_AnalyzeTests.swift */ = {isa = PBXFileReference; lastKnownFileType = sourcecode.swift; path = GPT_AnalyzeTests.swift; sourceTree = "<group>"; };
		7F2AA12C2C082564006286FD /* GPT_AnalyzeUITests.xctest */ = {isa = PBXFileReference; explicitFileType = wrapper.cfbundle; includeInIndex = 0; path = GPT_AnalyzeUITests.xctest; sourceTree = BUILT_PRODUCTS_DIR; };
		7F2AA1302C082564006286FD /* GPT_AnalyzeUITests.swift */ = {isa = PBXFileReference; lastKnownFileType = sourcecode.swift; path = GPT_AnalyzeUITests.swift; sourceTree = "<group>"; };
		7F2AA1322C082564006286FD /* GPT_AnalyzeUITestsLaunchTests.swift */ = {isa = PBXFileReference; lastKnownFileType = sourcecode.swift; path = GPT_AnalyzeUITestsLaunchTests.swift; sourceTree = "<group>"; };
/* End PBXFileReference section */

/* Begin PBXFrameworksBuildPhase section */
		7F2AA10C2C082563006286FD /* Frameworks */ = {
			isa = PBXFrameworksBuildPhase;
			buildActionMask = 2147483647;
			files = (
			);
			runOnlyForDeploymentPostprocessing = 0;
		};
		7F2AA11F2C082564006286FD /* Frameworks */ = {
			isa = PBXFrameworksBuildPhase;
			buildActionMask = 2147483647;
			files = (
			);
			runOnlyForDeploymentPostprocessing = 0;
		};
		7F2AA1292C082564006286FD /* Frameworks */ = {
			isa = PBXFrameworksBuildPhase;
			buildActionMask = 2147483647;
			files = (
			);
			runOnlyForDeploymentPostprocessing = 0;
		};
/* End PBXFrameworksBuildPhase section */

/* Begin PBXGroup section */
		7F2AA1062C082563006286FD = {
			isa = PBXGroup;
			children = (
				7F2AA1112C082563006286FD /* GPT_Analyze */,
				7F2AA1252C082564006286FD /* GPT_AnalyzeTests */,
				7F2AA12F2C082564006286FD /* GPT_AnalyzeUITests */,
				7F2AA1102C082563006286FD /* Products */,
			);
			sourceTree = "<group>";
		};
		7F2AA1102C082563006286FD /* Products */ = {
			isa = PBXGroup;
			children = (
				7F2AA10F2C082563006286FD /* GPT_Analyze.app */,
				7F2AA1222C082564006286FD /* GPT_AnalyzeTests.xctest */,
				7F2AA12C2C082564006286FD /* GPT_AnalyzeUITests.xctest */,
			);
			name = Products;
			sourceTree = "<group>";
		};
		7F2AA1112C082563006286FD /* GPT_Analyze */ = {
			isa = PBXGroup;
			children = (
				7F2AA1122C082563006286FD /* GPT_AnalyzeApp.swift */,
				7F2AA1142C082563006286FD /* ContentView.swift */,
				7F2AA1162C082563006286FD /* Item.swift */,
				7F2AA1182C082564006286FD /* Assets.xcassets */,
				7F2AA11D2C082564006286FD /* GPT_Analyze.entitlements */,
				7F2AA11A2C082564006286FD /* Preview Content */,
			);
			path = GPT_Analyze;
			sourceTree = "<group>";
		};
		7F2AA11A2C082564006286FD /* Preview Content */ = {
			isa = PBXGroup;
			children = (
				7F2AA11B2C082564006286FD /* Preview Assets.xcassets */,
			);
			path = "Preview Content";
			sourceTree = "<group>";
		};
		7F2AA1252C082564006286FD /* GPT_AnalyzeTests */ = {
			isa = PBXGroup;
			children = (
				7F2AA1262C082564006286FD /* GPT_AnalyzeTests.swift */,
			);
			path = GPT_AnalyzeTests;
			sourceTree = "<group>";
		};
		7F2AA12F2C082564006286FD /* GPT_AnalyzeUITests */ = {
			isa = PBXGroup;
			children = (
				7F2AA1302C082564006286FD /* GPT_AnalyzeUITests.swift */,
				7F2AA1322C082564006286FD /* GPT_AnalyzeUITestsLaunchTests.swift */,
			);
			path = GPT_AnalyzeUITests;
			sourceTree = "<group>";
		};
/* End PBXGroup section */

/* Begin PBXNativeTarget section */
		7F2AA10E2C082563006286FD /* GPT_Analyze */ = {
			isa = PBXNativeTarget;
			buildConfigurationList = 7F2AA1362C082564006286FD /* Build configuration list for PBXNativeTarget "GPT_Analyze" */;
			buildPhases = (
				7F2AA10B2C082563006286FD /* Sources */,
				7F2AA10C2C082563006286FD /* Frameworks */,
				7F2AA10D2C082563006286FD /* Resources */,
			);
			buildRules = (
			);
			dependencies = (
			);
			name = GPT_Analyze;
			productName = GPT_Analyze;
			productReference = 7F2AA10F2C082563006286FD /* GPT_Analyze.app */;
			productType = "com.apple.product-type.application";
		};
		7F2AA1212C082564006286FD /* GPT_AnalyzeTests */ = {
			isa = PBXNativeTarget;
			buildConfigurationList = 7F2AA1392C082564006286FD /* Build configuration list for PBXNativeTarget "GPT_AnalyzeTests" */;
			buildPhases = (
				7F2AA11E2C082564006286FD /* Sources */,
				7F2AA11F2C082564006286FD /* Frameworks */,
				7F2AA1202C082564006286FD /* Resources */,
			);
			buildRules = (
			);
			dependencies = (
				7F2AA1242C082564006286FD /* PBXTargetDependency */,
			);
			name = GPT_AnalyzeTests;
			productName = GPT_AnalyzeTests;
			productReference = 7F2AA1222C082564006286FD /* GPT_AnalyzeTests.xctest */;
			productType = "com.apple.product-type.bundle.unit-test";
		};
		7F2AA12B2C082564006286FD /* GPT_AnalyzeUITests */ = {
			isa = PBXNativeTarget;
			buildConfigurationList = 7F2AA13C2C082564006286FD /* Build configuration list for PBXNativeTarget "GPT_AnalyzeUITests" */;
			buildPhases = (
				7F2AA1282C082564006286FD /* Sources */,
				7F2AA1292C082564006286FD /* Frameworks */,
				7F2AA12A2C082564006286FD /* Resources */,
			);
			buildRules = (
			);
			dependencies = (
				7F2AA12E2C082564006286FD /* PBXTargetDependency */,
			);
			name = GPT_AnalyzeUITests;
			productName = GPT_AnalyzeUITests;
			productReference = 7F2AA12C2C082564006286FD /* GPT_AnalyzeUITests.xctest */;
			productType = "com.apple.product-type.bundle.ui-testing";
		};
/* End PBXNativeTarget section */

/* Begin PBXProject section */
		7F2AA1072C082563006286FD /* Project object */ = {
			isa = PBXProject;
			attributes = {
				BuildIndependentTargetsInParallel = 1;
				LastSwiftUpdateCheck = 1540;
				LastUpgradeCheck = 1540;
				TargetAttributes = {
					7F2AA10E2C082563006286FD = {
						CreatedOnToolsVersion = 15.4;
					};
					7F2AA1212C082564006286FD = {
						CreatedOnToolsVersion = 15.4;
						TestTargetID = 7F2AA10E2C082563006286FD;
					};
					7F2AA12B2C082564006286FD = {
						CreatedOnToolsVersion = 15.4;
						TestTargetID = 7F2AA10E2C082563006286FD;
					};
				};
			};
			buildConfigurationList = 7F2AA10A2C082563006286FD /* Build configuration list for PBXProject "GPT_Analyze" */;
			compatibilityVersion = "Xcode 14.0";
			developmentRegion = en;
			hasScannedForEncodings = 0;
			knownRegions = (
				en,
				Base,
			);
			mainGroup = 7F2AA1062C082563006286FD;
			productRefGroup = 7F2AA1102C082563006286FD /* Products */;
			projectDirPath = "";
			projectRoot = "";
			targets = (
				7F2AA10E2C082563006286FD /* GPT_Analyze */,
				7F2AA1212C082564006286FD /* GPT_AnalyzeTests */,
				7F2AA12B2C082564006286FD /* GPT_AnalyzeUITests */,
			);
		};
/* End PBXProject section */

/* Begin PBXResourcesBuildPhase section */
		7F2AA10D2C082563006286FD /* Resources */ = {
			isa = PBXResourcesBuildPhase;
			buildActionMask = 2147483647;
			files = (
				7F2AA11C2C082564006286FD /* Preview Assets.xcassets in Resources */,
				7F2AA1192C082564006286FD /* Assets.xcassets in Resources */,
			);
			runOnlyForDeploymentPostprocessing = 0;
		};
		7F2AA1202C082564006286FD /* Resources */ = {
			isa = PBXResourcesBuildPhase;
			buildActionMask = 2147483647;
			files = (
			);
			runOnlyForDeploymentPostprocessing = 0;
		};
		7F2AA12A2C082564006286FD /* Resources */ = {
			isa = PBXResourcesBuildPhase;
			buildActionMask = 2147483647;
			files = (
			);
			runOnlyForDeploymentPostprocessing = 0;
		};
/* End PBXResourcesBuildPhase section */

/* Begin PBXSourcesBuildPhase section */
		7F2AA10B2C082563006286FD /* Sources */ = {
			isa = PBXSourcesBuildPhase;
			buildActionMask = 2147483647;
			files = (
				7F2AA1152C082563006286FD /* ContentView.swift in Sources */,
				7F2AA1172C082563006286FD /* Item.swift in Sources */,
				7F2AA1132C082563006286FD /* GPT_AnalyzeApp.swift in Sources */,
			);
			runOnlyForDeploymentPostprocessing = 0;
		};
		7F2AA11E2C082564006286FD /* Sources */ = {
			isa = PBXSourcesBuildPhase;
			buildActionMask = 2147483647;
			files = (
				7F2AA1272C082564006286FD /* GPT_AnalyzeTests.swift in Sources */,
			);
			runOnlyForDeploymentPostprocessing = 0;
		};
		7F2AA1282C082564006286FD /* Sources */ = {
			isa = PBXSourcesBuildPhase;
			buildActionMask = 2147483647;
			files = (
				7F2AA1312C082564006286FD /* GPT_AnalyzeUITests.swift in Sources */,
				7F2AA1332C082564006286FD /* GPT_AnalyzeUITestsLaunchTests.swift in Sources */,
			);
			runOnlyForDeploymentPostprocessing = 0;
		};
/* End PBXSourcesBuildPhase section */

/* Begin PBXTargetDependency section */
		7F2AA1242C082564006286FD /* PBXTargetDependency */ = {
			isa = PBXTargetDependency;
			target = 7F2AA10E2C082563006286FD /* GPT_Analyze */;
			targetProxy = 7F2AA1232C082564006286FD /* PBXContainerItemProxy */;
		};
		7F2AA12E2C082564006286FD /* PBXTargetDependency */ = {
			isa = PBXTargetDependency;
			target = 7F2AA10E2C082563006286FD /* GPT_Analyze */;
			targetProxy = 7F2AA12D2C082564006286FD /* PBXContainerItemProxy */;
		};
/* End PBXTargetDependency section */

/* Begin XCBuildConfiguration section */
		7F2AA1342C082564006286FD /* Debug */ = {
			isa = XCBuildConfiguration;
			buildSettings = {
				ALWAYS_SEARCH_USER_PATHS = NO;
				ASSETCATALOG_COMPILER_GENERATE_SWIFT_ASSET_SYMBOL_EXTENSIONS = YES;
				CLANG_ANALYZER_NONNULL = YES;
				CLANG_ANALYZER_NUMBER_OBJECT_CONVERSION = YES_AGGRESSIVE;
				CLANG_CXX_LANGUAGE_STANDARD = "gnu++20";
				CLANG_ENABLE_MODULES = YES;
				CLANG_ENABLE_OBJC_ARC = YES;
				CLANG_ENABLE_OBJC_WEAK = YES;
				CLANG_WARN_BLOCK_CAPTURE_AUTORELEASING = YES;
				CLANG_WARN_BOOL_CONVERSION = YES;
				CLANG_WARN_COMMA = YES;
				CLANG_WARN_CONSTANT_CONVERSION = YES;
				CLANG_WARN_DEPRECATED_OBJC_IMPLEMENTATIONS = YES;
				CLANG_WARN_DIRECT_OBJC_ISA_USAGE = YES_ERROR;
				CLANG_WARN_DOCUMENTATION_COMMENTS = YES;
				CLANG_WARN_EMPTY_BODY = YES;
				CLANG_WARN_ENUM_CONVERSION = YES;
				CLANG_WARN_INFINITE_RECURSION = YES;
				CLANG_WARN_INT_CONVERSION = YES;
				CLANG_WARN_NON_LITERAL_NULL_CONVERSION = YES;
				CLANG_WARN_OBJC_IMPLICIT_RETAIN_SELF = YES;
				CLANG_WARN_OBJC_LITERAL_CONVERSION = YES;
				CLANG_WARN_OBJC_ROOT_CLASS = YES_ERROR;
				CLANG_WARN_QUOTED_INCLUDE_IN_FRAMEWORK_HEADER = YES;
				CLANG_WARN_RANGE_LOOP_ANALYSIS = YES;
				CLANG_WARN_STRICT_PROTOTYPES = YES;
				CLANG_WARN_SUSPICIOUS_MOVE = YES;
				CLANG_WARN_UNGUARDED_AVAILABILITY = YES_AGGRESSIVE;
				CLANG_WARN_UNREACHABLE_CODE = YES;
				CLANG_WARN__DUPLICATE_METHOD_MATCH = YES;
				COPY_PHASE_STRIP = NO;
				DEBUG_INFORMATION_FORMAT = dwarf;
				ENABLE_STRICT_OBJC_MSGSEND = YES;
				ENABLE_TESTABILITY = YES;
				ENABLE_USER_SCRIPT_SANDBOXING = YES;
				GCC_C_LANGUAGE_STANDARD = gnu17;
				GCC_DYNAMIC_NO_PIC = NO;
				GCC_NO_COMMON_BLOCKS = YES;
				GCC_OPTIMIZATION_LEVEL = 0;
				GCC_PREPROCESSOR_DEFINITIONS = (
					"DEBUG=1",
					"$(inherited)",
				);
				GCC_WARN_64_TO_32_BIT_CONVERSION = YES;
				GCC_WARN_ABOUT_RETURN_TYPE = YES_ERROR;
				GCC_WARN_UNDECLARED_SELECTOR = YES;
				GCC_WARN_UNINITIALIZED_AUTOS = YES_AGGRESSIVE;
				GCC_WARN_UNUSED_FUNCTION = YES;
				GCC_WARN_UNUSED_VARIABLE = YES;
				LOCALIZATION_PREFERS_STRING_CATALOGS = YES;
				MACOSX_DEPLOYMENT_TARGET = 14.5;
				MTL_ENABLE_DEBUG_INFO = INCLUDE_SOURCE;
				MTL_FAST_MATH = YES;
				ONLY_ACTIVE_ARCH = YES;
				SDKROOT = macosx;
				SWIFT_ACTIVE_COMPILATION_CONDITIONS = "DEBUG $(inherited)";
				SWIFT_OPTIMIZATION_LEVEL = "-Onone";
			};
			name = Debug;
		};
		7F2AA1352C082564006286FD /* Release */ = {
			isa = XCBuildConfiguration;
			buildSettings = {
				ALWAYS_SEARCH_USER_PATHS = NO;
				ASSETCATALOG_COMPILER_GENERATE_SWIFT_ASSET_SYMBOL_EXTENSIONS = YES;
				CLANG_ANALYZER_NONNULL = YES;
				CLANG_ANALYZER_NUMBER_OBJECT_CONVERSION = YES_AGGRESSIVE;
				CLANG_CXX_LANGUAGE_STANDARD = "gnu++20";
				CLANG_ENABLE_MODULES = YES;
				CLANG_ENABLE_OBJC_ARC = YES;
				CLANG_ENABLE_OBJC_WEAK = YES;
				CLANG_WARN_BLOCK_CAPTURE_AUTORELEASING = YES;
				CLANG_WARN_BOOL_CONVERSION = YES;
				CLANG_WARN_COMMA = YES;
				CLANG_WARN_CONSTANT_CONVERSION = YES;
				CLANG_WARN_DEPRECATED_OBJC_IMPLEMENTATIONS = YES;
				CLANG_WARN_DIRECT_OBJC_ISA_USAGE = YES_ERROR;
				CLANG_WARN_DOCUMENTATION_COMMENTS = YES;
				CLANG_WARN_EMPTY_BODY = YES;
				CLANG_WARN_ENUM_CONVERSION = YES;
				CLANG_WARN_INFINITE_RECURSION = YES;
				CLANG_WARN_INT_CONVERSION = YES;
				CLANG_WARN_NON_LITERAL_NULL_CONVERSION = YES;
				CLANG_WARN_OBJC_IMPLICIT_RETAIN_SELF = YES;
				CLANG_WARN_OBJC_LITERAL_CONVERSION = YES;
				CLANG_WARN_OBJC_ROOT_CLASS = YES_ERROR;
				CLANG_WARN_QUOTED_INCLUDE_IN_FRAMEWORK_HEADER = YES;
				CLANG_WARN_RANGE_LOOP_ANALYSIS = YES;
				CLANG_WARN_STRICT_PROTOTYPES = YES;
				CLANG_WARN_SUSPICIOUS_MOVE = YES;
				CLANG_WARN_UNGUARDED_AVAILABILITY = YES_AGGRESSIVE;
				CLANG_WARN_UNREACHABLE_CODE = YES;
				CLANG_WARN__DUPLICATE_METHOD_MATCH = YES;
				COPY_PHASE_STRIP = NO;
				DEBUG_INFORMATION_FORMAT = "dwarf-with-dsym";
				ENABLE_NS_ASSERTIONS = NO;
				ENABLE_STRICT_OBJC_MSGSEND = YES;
				ENABLE_USER_SCRIPT_SANDBOXING = YES;
				GCC_C_LANGUAGE_STANDARD = gnu17;
				GCC_NO_COMMON_BLOCKS = YES;
				GCC_WARN_64_TO_32_BIT_CONVERSION = YES;
				GCC_WARN_ABOUT_RETURN_TYPE = YES_ERROR;
				GCC_WARN_UNDECLARED_SELECTOR = YES;
				GCC_WARN_UNINITIALIZED_AUTOS = YES_AGGRESSIVE;
				GCC_WARN_UNUSED_FUNCTION = YES;
				GCC_WARN_UNUSED_VARIABLE = YES;
				LOCALIZATION_PREFERS_STRING_CATALOGS = YES;
				MACOSX_DEPLOYMENT_TARGET = 14.5;
				MTL_ENABLE_DEBUG_INFO = NO;
				MTL_FAST_MATH = YES;
				SDKROOT = macosx;
				SWIFT_COMPILATION_MODE = wholemodule;
			};
			name = Release;
		};
		7F2AA1372C082564006286FD /* Debug */ = {
			isa = XCBuildConfiguration;
			buildSettings = {
				ASSETCATALOG_COMPILER_APPICON_NAME = AppIcon;
				ASSETCATALOG_COMPILER_GLOBAL_ACCENT_COLOR_NAME = AccentColor;
				CODE_SIGN_ENTITLEMENTS = GPT_Analyze/GPT_Analyze.entitlements;
				CODE_SIGN_STYLE = Automatic;
				COMBINE_HIDPI_IMAGES = YES;
				CURRENT_PROJECT_VERSION = 1;
				DEVELOPMENT_ASSET_PATHS = "\"GPT_Analyze/Preview Content\"";
				DEVELOPMENT_TEAM = 447B985TLP;
				ENABLE_HARDENED_RUNTIME = YES;
				ENABLE_PREVIEWS = YES;
				GENERATE_INFOPLIST_FILE = YES;
				INFOPLIST_KEY_NSHumanReadableCopyright = "";
				LD_RUNPATH_SEARCH_PATHS = (
					"$(inherited)",
					"@executable_path/../Frameworks",
				);
				MACOSX_DEPLOYMENT_TARGET = 14.0;
				MARKETING_VERSION = 1.0;
				PRODUCT_BUNDLE_IDENTIFIER = "smiley.GPT-Analyze";
				PRODUCT_NAME = "$(TARGET_NAME)";
				SWIFT_EMIT_LOC_STRINGS = YES;
				SWIFT_VERSION = 5.0;
			};
			name = Debug;
		};
		7F2AA1382C082564006286FD /* Release */ = {
			isa = XCBuildConfiguration;
			buildSettings = {
				ASSETCATALOG_COMPILER_APPICON_NAME = AppIcon;
				ASSETCATALOG_COMPILER_GLOBAL_ACCENT_COLOR_NAME = AccentColor;
				CODE_SIGN_ENTITLEMENTS = GPT_Analyze/GPT_Analyze.entitlements;
				CODE_SIGN_STYLE = Automatic;
				COMBINE_HIDPI_IMAGES = YES;
				CURRENT_PROJECT_VERSION = 1;
				DEVELOPMENT_ASSET_PATHS = "\"GPT_Analyze/Preview Content\"";
				DEVELOPMENT_TEAM = 447B985TLP;
				ENABLE_HARDENED_RUNTIME = YES;
				ENABLE_PREVIEWS = YES;
				GENERATE_INFOPLIST_FILE = YES;
				INFOPLIST_KEY_NSHumanReadableCopyright = "";
				LD_RUNPATH_SEARCH_PATHS = (
					"$(inherited)",
					"@executable_path/../Frameworks",
				);
				MACOSX_DEPLOYMENT_TARGET = 14.0;
				MARKETING_VERSION = 1.0;
				PRODUCT_BUNDLE_IDENTIFIER = "smiley.GPT-Analyze";
				PRODUCT_NAME = "$(TARGET_NAME)";
				SWIFT_EMIT_LOC_STRINGS = YES;
				SWIFT_VERSION = 5.0;
			};
			name = Release;
		};
		7F2AA13A2C082564006286FD /* Debug */ = {
			isa = XCBuildConfiguration;
			buildSettings = {
				ALWAYS_EMBED_SWIFT_STANDARD_LIBRARIES = YES;
				BUNDLE_LOADER = "$(TEST_HOST)";
				CODE_SIGN_STYLE = Automatic;
				CURRENT_PROJECT_VERSION = 1;
				DEVELOPMENT_TEAM = 447B985TLP;
				GENERATE_INFOPLIST_FILE = YES;
				MACOSX_DEPLOYMENT_TARGET = 14.0;
				MARKETING_VERSION = 1.0;
				PRODUCT_BUNDLE_IDENTIFIER = "smiley.GPT-AnalyzeTests";
				PRODUCT_NAME = "$(TARGET_NAME)";
				SWIFT_EMIT_LOC_STRINGS = NO;
				SWIFT_VERSION = 5.0;
				TEST_HOST = "$(BUILT_PRODUCTS_DIR)/GPT_Analyze.app/$(BUNDLE_EXECUTABLE_FOLDER_PATH)/GPT_Analyze";
			};
			name = Debug;
		};
		7F2AA13B2C082564006286FD /* Release */ = {
			isa = XCBuildConfiguration;
			buildSettings = {
				ALWAYS_EMBED_SWIFT_STANDARD_LIBRARIES = YES;
				BUNDLE_LOADER = "$(TEST_HOST)";
				CODE_SIGN_STYLE = Automatic;
				CURRENT_PROJECT_VERSION = 1;
				DEVELOPMENT_TEAM = 447B985TLP;
				GENERATE_INFOPLIST_FILE = YES;
				MACOSX_DEPLOYMENT_TARGET = 14.0;
				MARKETING_VERSION = 1.0;
				PRODUCT_BUNDLE_IDENTIFIER = "smiley.GPT-AnalyzeTests";
				PRODUCT_NAME = "$(TARGET_NAME)";
				SWIFT_EMIT_LOC_STRINGS = NO;
				SWIFT_VERSION = 5.0;
				TEST_HOST = "$(BUILT_PRODUCTS_DIR)/GPT_Analyze.app/$(BUNDLE_EXECUTABLE_FOLDER_PATH)/GPT_Analyze";
			};
			name = Release;
		};
		7F2AA13D2C082564006286FD /* Debug */ = {
			isa = XCBuildConfiguration;
			buildSettings = {
				ALWAYS_EMBED_SWIFT_STANDARD_LIBRARIES = YES;
				CODE_SIGN_STYLE = Automatic;
				CURRENT_PROJECT_VERSION = 1;
				DEVELOPMENT_TEAM = 447B985TLP;
				GENERATE_INFOPLIST_FILE = YES;
				MARKETING_VERSION = 1.0;
				PRODUCT_BUNDLE_IDENTIFIER = "smiley.GPT-AnalyzeUITests";
				PRODUCT_NAME = "$(TARGET_NAME)";
				SWIFT_EMIT_LOC_STRINGS = NO;
				SWIFT_VERSION = 5.0;
				TEST_TARGET_NAME = GPT_Analyze;
			};
			name = Debug;
		};
		7F2AA13E2C082564006286FD /* Release */ = {
			isa = XCBuildConfiguration;
			buildSettings = {
				ALWAYS_EMBED_SWIFT_STANDARD_LIBRARIES = YES;
				CODE_SIGN_STYLE = Automatic;
				CURRENT_PROJECT_VERSION = 1;
				DEVELOPMENT_TEAM = 447B985TLP;
				GENERATE_INFOPLIST_FILE = YES;
				MARKETING_VERSION = 1.0;
				PRODUCT_BUNDLE_IDENTIFIER = "smiley.GPT-AnalyzeUITests";
				PRODUCT_NAME = "$(TARGET_NAME)";
				SWIFT_EMIT_LOC_STRINGS = NO;
				SWIFT_VERSION = 5.0;
				TEST_TARGET_NAME = GPT_Analyze;
			};
			name = Release;
		};
/* End XCBuildConfiguration section */

/* Begin XCConfigurationList section */
		7F2AA10A2C082563006286FD /* Build configuration list for PBXProject "GPT_Analyze" */ = {
			isa = XCConfigurationList;
			buildConfigurations = (
				7F2AA1342C082564006286FD /* Debug */,
				7F2AA1352C082564006286FD /* Release */,
			);
			defaultConfigurationIsVisible = 0;
			defaultConfigurationName = Release;
		};
		7F2AA1362C082564006286FD /* Build configuration list for PBXNativeTarget "GPT_Analyze" */ = {
			isa = XCConfigurationList;
			buildConfigurations = (
				7F2AA1372C082564006286FD /* Debug */,
				7F2AA1382C082564006286FD /* Release */,
			);
			defaultConfigurationIsVisible = 0;
			defaultConfigurationName = Release;
		};
		7F2AA1392C082564006286FD /* Build configuration list for PBXNativeTarget "GPT_AnalyzeTests" */ = {
			isa = XCConfigurationList;
			buildConfigurations = (
				7F2AA13A2C082564006286FD /* Debug */,
				7F2AA13B2C082564006286FD /* Release */,
			);
			defaultConfigurationIsVisible = 0;
			defaultConfigurationName = Release;
		};
		7F2AA13C2C082564006286FD /* Build configuration list for PBXNativeTarget "GPT_AnalyzeUITests" */ = {
			isa = XCConfigurationList;
			buildConfigurations = (
				7F2AA13D2C082564006286FD /* Debug */,
				7F2AA13E2C082564006286FD /* Release */,
			);
			defaultConfigurationIsVisible = 0;
			defaultConfigurationName = Release;
		};
/* End XCConfigurationList section */
	};
	rootObject = 7F2AA1072C082563006286FD /* Project object */;
}
